# THIS IS AN AUTOGENERATED FILE. DO NOT EDIT THIS FILE DIRECTLY.
# yarn lockfile v1


"@babel/helper-validator-identifier@^7.14.8":
  version "7.14.8"
  resolved "https://registry.npmjs.org/@babel/helper-validator-identifier/-/helper-validator-identifier-7.14.8.tgz"

"@babel/parser@^7.12.0", "@babel/parser@^7.13.9":
  version "7.14.8"
  resolved "https://registry.npmjs.org/@babel/parser/-/parser-7.14.8.tgz"

"@babel/types@^7.12.0", "@babel/types@^7.13.0":
  version "7.14.8"
  resolved "https://registry.npmjs.org/@babel/types/-/types-7.14.8.tgz"
  dependencies:
    "@babel/helper-validator-identifier" "^7.14.8"
    to-fast-properties "^2.0.0"

"@css-render/plugin-bem@^0.15.4":
  version "0.15.4"
  resolved "https://registry.npmjs.org/@css-render/plugin-bem/-/plugin-bem-0.15.4.tgz"
  dependencies:
    css-render "~0.15.4"

"@css-render/vue3-ssr@^0.15.4":
  version "0.15.4"
  resolved "https://registry.npmjs.org/@css-render/vue3-ssr/-/vue3-ssr-0.15.4.tgz"

"@emotion/hash@~0.8.0":
  version "0.8.0"
  resolved "https://registry.npmjs.org/@emotion/hash/-/hash-0.8.0.tgz"

"@jest/types@^26.6.2":
  version "26.6.2"
  resolved "https://registry.npmjs.org/@jest/types/-/types-26.6.2.tgz"
  dependencies:
    "@types/istanbul-lib-coverage" "^2.0.0"
    "@types/istanbul-reports" "^3.0.0"
    "@types/node" "*"
    "@types/yargs" "^15.0.0"
    chalk "^4.0.0"

"@types/estree@^0.0.48":
  version "0.0.48"
  resolved "https://registry.npmjs.org/@types/estree/-/estree-0.0.48.tgz"

"@types/istanbul-lib-coverage@*", "@types/istanbul-lib-coverage@^2.0.0":
  version "2.0.3"
  resolved "https://registry.npmjs.org/@types/istanbul-lib-coverage/-/istanbul-lib-coverage-2.0.3.tgz"

"@types/istanbul-lib-report@*":
  version "3.0.0"
  resolved "https://registry.npmjs.org/@types/istanbul-lib-report/-/istanbul-lib-report-3.0.0.tgz"
  dependencies:
    "@types/istanbul-lib-coverage" "*"

"@types/istanbul-reports@^3.0.0":
  version "3.0.1"
  resolved "https://registry.npmjs.org/@types/istanbul-reports/-/istanbul-reports-3.0.1.tgz"
  dependencies:
    "@types/istanbul-lib-report" "*"

"@types/jest@^26.0.20":
  version "26.0.24"
  resolved "https://registry.npmjs.org/@types/jest/-/jest-26.0.24.tgz"
  dependencies:
    jest-diff "^26.0.0"
    pretty-format "^26.0.0"

"@types/lodash-es@^4.17.4":
  version "4.17.4"
  resolved "https://registry.npmjs.org/@types/lodash-es/-/lodash-es-4.17.4.tgz"
  dependencies:
    "@types/lodash" "*"

"@types/lodash@*", "@types/lodash@^4.14.170":
  version "4.14.171"
  resolved "https://registry.npmjs.org/@types/lodash/-/lodash-4.14.171.tgz"

"@types/node@*", "@types/node@^14.14.10", "@types/node@~14.14.31":
  version "14.14.45"
  resolved "https://registry.npmjs.org/@types/node/-/node-14.14.45.tgz"

"@types/yargs-parser@*":
  version "20.2.1"
  resolved "https://registry.npmjs.org/@types/yargs-parser/-/yargs-parser-20.2.1.tgz"

"@types/yargs@^15.0.0":
  version "15.0.14"
  resolved "https://registry.npmjs.org/@types/yargs/-/yargs-15.0.14.tgz"
  dependencies:
    "@types/yargs-parser" "*"

"@vicons/ionicons5@^0.10.0":
  version "0.10.0"
  resolved "https://registry.npmjs.org/@vicons/ionicons5/-/ionicons5-0.10.0.tgz"

"@vitejs/plugin-vue@^1.2.5":
  version "1.2.5"
  resolved "https://registry.npmjs.org/@vitejs/plugin-vue/-/plugin-vue-1.2.5.tgz"

"@vue/compiler-core@3.1.5":
  version "3.1.5"
  resolved "https://registry.npmjs.org/@vue/compiler-core/-/compiler-core-3.1.5.tgz"
  dependencies:
    "@babel/parser" "^7.12.0"
    "@babel/types" "^7.12.0"
    "@vue/shared" "3.1.5"
    estree-walker "^2.0.1"
    source-map "^0.6.1"

"@vue/compiler-dom@3.1.5":
  version "3.1.5"
  resolved "https://registry.npmjs.org/@vue/compiler-dom/-/compiler-dom-3.1.5.tgz"
  dependencies:
    "@vue/compiler-core" "3.1.5"
    "@vue/shared" "3.1.5"

"@vue/compiler-sfc@^3.0.5":
  version "3.1.5"
  resolved "https://registry.npmjs.org/@vue/compiler-sfc/-/compiler-sfc-3.1.5.tgz"
  dependencies:
    "@babel/parser" "^7.13.9"
    "@babel/types" "^7.13.0"
    "@types/estree" "^0.0.48"
    "@vue/compiler-core" "3.1.5"
    "@vue/compiler-dom" "3.1.5"
    "@vue/compiler-ssr" "3.1.5"
    "@vue/shared" "3.1.5"
    consolidate "^0.16.0"
    estree-walker "^2.0.1"
    hash-sum "^2.0.0"
    lru-cache "^5.1.1"
    magic-string "^0.25.7"
    merge-source-map "^1.1.0"
    postcss "^8.1.10"
    postcss-modules "^4.0.0"
    postcss-selector-parser "^6.0.4"
    source-map "^0.6.1"

"@vue/compiler-ssr@3.1.5":
  version "3.1.5"
  resolved "https://registry.npmjs.org/@vue/compiler-ssr/-/compiler-ssr-3.1.5.tgz"
  dependencies:
    "@vue/compiler-dom" "3.1.5"
    "@vue/shared" "3.1.5"

"@vue/reactivity@3.1.5":
  version "3.1.5"
  resolved "https://registry.npmjs.org/@vue/reactivity/-/reactivity-3.1.5.tgz"
  dependencies:
    "@vue/shared" "3.1.5"

"@vue/runtime-core@3.1.5":
  version "3.1.5"
  resolved "https://registry.npmjs.org/@vue/runtime-core/-/runtime-core-3.1.5.tgz"
  dependencies:
    "@vue/reactivity" "3.1.5"
    "@vue/shared" "3.1.5"

"@vue/runtime-dom@3.1.5":
  version "3.1.5"
  resolved "https://registry.npmjs.org/@vue/runtime-dom/-/runtime-dom-3.1.5.tgz"
  dependencies:
    "@vue/runtime-core" "3.1.5"
    "@vue/shared" "3.1.5"
    csstype "^2.6.8"

"@vue/shared@3.1.5":
  version "3.1.5"
  resolved "https://registry.npmjs.org/@vue/shared/-/shared-3.1.5.tgz"

ansi-regex@^5.0.0:
  version "5.0.0"
  resolved "https://registry.npmjs.org/ansi-regex/-/ansi-regex-5.0.0.tgz"

ansi-styles@^4.0.0, ansi-styles@^4.1.0:
  version "4.3.0"
  resolved "https://registry.npmjs.org/ansi-styles/-/ansi-styles-4.3.0.tgz"
  dependencies:
    color-convert "^2.0.1"

async-validator@^3.5.1:
  version "3.5.2"
  resolved "https://registry.npmjs.org/async-validator/-/async-validator-3.5.2.tgz"

axios@^0.21.1:
  version "0.21.1"
  resolved "https://registry.npmjs.org/axios/-/axios-0.21.1.tgz"
  dependencies:
    follow-redirects "^1.10.0"

big.js@^5.2.2:
  version "5.2.2"
  resolved "https://registry.npmjs.org/big.js/-/big.js-5.2.2.tgz"

bluebird@^3.7.2:
  version "3.7.2"
  resolved "https://registry.npmjs.org/bluebird/-/bluebird-3.7.2.tgz"

chalk@^4.0.0:
  version "4.1.1"
  resolved "https://registry.npmjs.org/chalk/-/chalk-4.1.1.tgz"
  dependencies:
    ansi-styles "^4.1.0"
    supports-color "^7.1.0"

color-convert@^2.0.1:
  version "2.0.1"
  resolved "https://registry.npmjs.org/color-convert/-/color-convert-2.0.1.tgz"
  dependencies:
    color-name "~1.1.4"

color-name@~1.1.4:
  version "1.1.4"
  resolved "https://registry.npmjs.org/color-name/-/color-name-1.1.4.tgz"

colorette@^1.2.2:
  version "1.2.2"
  resolved "https://registry.npmjs.org/colorette/-/colorette-1.2.2.tgz"

consolidate@^0.16.0:
  version "0.16.0"
  resolved "https://registry.npmjs.org/consolidate/-/consolidate-0.16.0.tgz"
  dependencies:
    bluebird "^3.7.2"

copy-anything@^2.0.1:
  version "2.0.3"
  resolved "https://registry.npmjs.org/copy-anything/-/copy-anything-2.0.3.tgz"
  dependencies:
    is-what "^3.12.0"

css-render@^0.15.3, css-render@^0.15.4, css-render@~0.15.4:
  version "0.15.4"
  resolved "https://registry.npmjs.org/css-render/-/css-render-0.15.4.tgz"
  dependencies:
    "@emotion/hash" "~0.8.0"
    "@types/node" "~14.14.31"
    csstype "~3.0.5"

cssesc@^3.0.0:
  version "3.0.0"
  resolved "https://registry.npmjs.org/cssesc/-/cssesc-3.0.0.tgz"

csstype@^2.6.8:
  version "2.6.17"
  resolved "https://registry.npmjs.org/csstype/-/csstype-2.6.17.tgz"

csstype@~3.0.5:
  version "3.0.8"
  resolved "https://registry.npmjs.org/csstype/-/csstype-3.0.8.tgz"

date-fns@^2.19.0:
  version "2.23.0"
  resolved "https://registry.npmjs.org/date-fns/-/date-fns-2.23.0.tgz"

debug@^3.2.6:
  version "3.2.7"
  resolved "https://registry.npmjs.org/debug/-/debug-3.2.7.tgz"
  dependencies:
    ms "^2.1.1"

diff-sequences@^26.6.2:
  version "26.6.2"
  resolved "https://registry.npmjs.org/diff-sequences/-/diff-sequences-26.6.2.tgz"

emojis-list@^3.0.0:
  version "3.0.0"
  resolved "https://registry.npmjs.org/emojis-list/-/emojis-list-3.0.0.tgz"

errno@^0.1.1:
  version "0.1.8"
  resolved "https://registry.npmjs.org/errno/-/errno-0.1.8.tgz"
  dependencies:
    prr "~1.0.1"

esbuild@^0.12.8:
  version "0.12.15"
  resolved "https://registry.npmjs.org/esbuild/-/esbuild-0.12.15.tgz"

estree-walker@^2.0.1:
  version "2.0.2"
  resolved "https://registry.npmjs.org/estree-walker/-/estree-walker-2.0.2.tgz"

evtd@^0.2.2:
  version "0.2.2"
  resolved "https://registry.npmjs.org/evtd/-/evtd-0.2.2.tgz"

follow-redirects@^1.10.0:
  version "1.14.1"
  resolved "https://registry.npmjs.org/follow-redirects/-/follow-redirects-1.14.1.tgz"

fsevents@~2.3.2:
  version "2.3.2"
  resolved "https://registry.yarnpkg.com/fsevents/-/fsevents-2.3.2.tgz#8a526f78b8fdf4623b709e0b975c52c24c02fd1a"

function-bind@^1.1.1:
  version "1.1.1"
  resolved "https://registry.npmjs.org/function-bind/-/function-bind-1.1.1.tgz"

generic-names@^2.0.1:
  version "2.0.1"
  resolved "https://registry.npmjs.org/generic-names/-/generic-names-2.0.1.tgz"
  dependencies:
    loader-utils "^1.1.0"

graceful-fs@^4.1.2:
  version "4.2.6"
  resolved "https://registry.npmjs.org/graceful-fs/-/graceful-fs-4.2.6.tgz"

has-flag@^4.0.0:
  version "4.0.0"
  resolved "https://registry.npmjs.org/has-flag/-/has-flag-4.0.0.tgz"

has@^1.0.3:
  version "1.0.3"
  resolved "https://registry.npmjs.org/has/-/has-1.0.3.tgz"
  dependencies:
    function-bind "^1.1.1"

hash-sum@^2.0.0:
  version "2.0.0"
  resolved "https://registry.npmjs.org/hash-sum/-/hash-sum-2.0.0.tgz"

highlight.js@^11.0.1:
  version "11.1.0"
  resolved "https://registry.npmjs.org/highlight.js/-/highlight.js-11.1.0.tgz"

iconv-lite@^0.4.4:
  version "0.4.24"
  resolved "https://registry.npmjs.org/iconv-lite/-/iconv-lite-0.4.24.tgz"
  dependencies:
    safer-buffer ">= 2.1.2 < 3"

icss-replace-symbols@^1.1.0:
  version "1.1.0"
  resolved "https://registry.npmjs.org/icss-replace-symbols/-/icss-replace-symbols-1.1.0.tgz"

icss-utils@^5.0.0:
  version "5.1.0"
  resolved "https://registry.npmjs.org/icss-utils/-/icss-utils-5.1.0.tgz"

image-size@~0.5.0:
  version "0.5.5"
  resolved "https://registry.npmjs.org/image-size/-/image-size-0.5.5.tgz"

is-core-module@^2.2.0:
  version "2.5.0"
  resolved "https://registry.npmjs.org/is-core-module/-/is-core-module-2.5.0.tgz"
  dependencies:
    has "^1.0.3"

is-what@^3.12.0:
  version "3.14.1"
  resolved "https://registry.npmjs.org/is-what/-/is-what-3.14.1.tgz"

jest-diff@^26.0.0:
  version "26.6.2"
  resolved "https://registry.npmjs.org/jest-diff/-/jest-diff-26.6.2.tgz"
  dependencies:
    chalk "^4.0.0"
    diff-sequences "^26.6.2"
    jest-get-type "^26.3.0"
    pretty-format "^26.6.2"

jest-get-type@^26.3.0:
  version "26.3.0"
  resolved "https://registry.npmjs.org/jest-get-type/-/jest-get-type-26.3.0.tgz"

json5@^1.0.1:
  version "1.0.1"
  resolved "https://registry.npmjs.org/json5/-/json5-1.0.1.tgz"
  dependencies:
    minimist "^1.2.0"

less@^4.1.1:
  version "4.1.1"
  resolved "https://registry.npmjs.org/less/-/less-4.1.1.tgz"
  dependencies:
    copy-anything "^2.0.1"
    parse-node-version "^1.0.1"
    tslib "^1.10.0"
  optionalDependencies:
    errno "^0.1.1"
    graceful-fs "^4.1.2"
    image-size "~0.5.0"
    make-dir "^2.1.0"
    mime "^1.4.1"
    needle "^2.5.2"
    source-map "~0.6.0"

loader-utils@^1.1.0:
  version "1.4.0"
  resolved "https://registry.npmjs.org/loader-utils/-/loader-utils-1.4.0.tgz"
  dependencies:
    big.js "^5.2.2"
    emojis-list "^3.0.0"
    json5 "^1.0.1"

lodash-es@^4.17.21:
  version "4.17.21"
  resolved "https://registry.npmjs.org/lodash-es/-/lodash-es-4.17.21.tgz"

lodash.camelcase@^4.3.0:
  version "4.3.0"
  resolved "https://registry.npmjs.org/lodash.camelcase/-/lodash.camelcase-4.3.0.tgz"

lodash@^4.17.21:
  version "4.17.21"
  resolved "https://registry.npmjs.org/lodash/-/lodash-4.17.21.tgz"

lru-cache@^5.1.1:
  version "5.1.1"
  resolved "https://registry.npmjs.org/lru-cache/-/lru-cache-5.1.1.tgz"
  dependencies:
    yallist "^3.0.2"

magic-string@^0.25.7:
  version "0.25.7"
  resolved "https://registry.npmjs.org/magic-string/-/magic-string-0.25.7.tgz"
  dependencies:
    sourcemap-codec "^1.4.4"

make-dir@^2.1.0:
  version "2.1.0"
  resolved "https://registry.npmjs.org/make-dir/-/make-dir-2.1.0.tgz"
  dependencies:
    pify "^4.0.1"
    semver "^5.6.0"

merge-source-map@^1.1.0:
  version "1.1.0"
  resolved "https://registry.npmjs.org/merge-source-map/-/merge-source-map-1.1.0.tgz"
  dependencies:
    source-map "^0.6.1"

mime@^1.4.1:
  version "1.6.0"
  resolved "https://registry.npmjs.org/mime/-/mime-1.6.0.tgz"

minimist@^1.2.0:
  version "1.2.8"
  resolved "https://registry.yarnpkg.com/minimist/-/minimist-1.2.8.tgz#c1a464e7693302e082a075cee0c057741ac4772c"

ms@^2.1.1:
  version "2.1.3"
  resolved "https://registry.npmjs.org/ms/-/ms-2.1.3.tgz"

naive-ui@^2.15.6:
  version "2.15.6"
  resolved "https://registry.npmjs.org/naive-ui/-/naive-ui-2.15.6.tgz"
  dependencies:
    "@css-render/plugin-bem" "^0.15.4"
    "@css-render/vue3-ssr" "^0.15.4"
    "@types/lodash" "^4.14.170"
    "@types/lodash-es" "^4.17.4"
    async-validator "^3.5.1"
    css-render "^0.15.4"
    date-fns "^2.19.0"
    evtd "^0.2.2"
    highlight.js "^11.0.1"
    lodash "^4.17.21"
    lodash-es "^4.17.21"
    seemly "^0.3.1"
    treemate "^0.2.12"
    vdirs "^0.1.4"
    vfonts "^0.1.0"
    vooks "^0.2.6"
    vueuc "^0.4.9"

nanoid@^3.1.23:
  version "3.1.23"
  resolved "https://registry.npmjs.org/nanoid/-/nanoid-3.1.23.tgz"

needle@^2.5.2:
  version "2.8.0"
  resolved "https://registry.npmjs.org/needle/-/needle-2.8.0.tgz"
  dependencies:
    debug "^3.2.6"
    iconv-lite "^0.4.4"
    sax "^1.2.4"

parse-node-version@^1.0.1:
  version "1.0.1"
  resolved "https://registry.npmjs.org/parse-node-version/-/parse-node-version-1.0.1.tgz"

path-parse@^1.0.6:
  version "1.0.7"
  resolved "https://registry.npmjs.org/path-parse/-/path-parse-1.0.7.tgz"

pify@^4.0.1:
  version "4.0.1"
  resolved "https://registry.npmjs.org/pify/-/pify-4.0.1.tgz"

postcss-modules-extract-imports@^3.0.0:
  version "3.0.0"
  resolved "https://registry.npmjs.org/postcss-modules-extract-imports/-/postcss-modules-extract-imports-3.0.0.tgz"

postcss-modules-local-by-default@^4.0.0:
  version "4.0.0"
  resolved "https://registry.npmjs.org/postcss-modules-local-by-default/-/postcss-modules-local-by-default-4.0.0.tgz"
  dependencies:
    icss-utils "^5.0.0"
    postcss-selector-parser "^6.0.2"
    postcss-value-parser "^4.1.0"

postcss-modules-scope@^3.0.0:
  version "3.0.0"
  resolved "https://registry.npmjs.org/postcss-modules-scope/-/postcss-modules-scope-3.0.0.tgz"
  dependencies:
    postcss-selector-parser "^6.0.4"

postcss-modules-values@^4.0.0:
  version "4.0.0"
  resolved "https://registry.npmjs.org/postcss-modules-values/-/postcss-modules-values-4.0.0.tgz"
  dependencies:
    icss-utils "^5.0.0"

postcss-modules@^4.0.0:
  version "4.2.2"
  resolved "https://registry.npmjs.org/postcss-modules/-/postcss-modules-4.2.2.tgz"
  dependencies:
    generic-names "^2.0.1"
    icss-replace-symbols "^1.1.0"
    lodash.camelcase "^4.3.0"
    postcss-modules-extract-imports "^3.0.0"
    postcss-modules-local-by-default "^4.0.0"
    postcss-modules-scope "^3.0.0"
    postcss-modules-values "^4.0.0"
    string-hash "^1.1.1"

postcss-selector-parser@^6.0.2, postcss-selector-parser@^6.0.4:
  version "6.0.6"
  resolved "https://registry.npmjs.org/postcss-selector-parser/-/postcss-selector-parser-6.0.6.tgz"
  dependencies:
    cssesc "^3.0.0"
    util-deprecate "^1.0.2"

postcss-value-parser@^4.1.0:
  version "4.1.0"
  resolved "https://registry.npmjs.org/postcss-value-parser/-/postcss-value-parser-4.1.0.tgz"

postcss@^8.1.10, postcss@^8.3.5:
  version "8.3.6"
  resolved "https://registry.npmjs.org/postcss/-/postcss-8.3.6.tgz"
  dependencies:
    colorette "^1.2.2"
    nanoid "^3.1.23"
    source-map-js "^0.6.2"

pretty-format@^26.0.0, pretty-format@^26.6.2:
  version "26.6.2"
  resolved "https://registry.npmjs.org/pretty-format/-/pretty-format-26.6.2.tgz"
  dependencies:
    "@jest/types" "^26.6.2"
    ansi-regex "^5.0.0"
    ansi-styles "^4.0.0"
    react-is "^17.0.1"

prr@~1.0.1:
  version "1.0.1"
  resolved "https://registry.npmjs.org/prr/-/prr-1.0.1.tgz"

react-is@^17.0.1:
  version "17.0.2"
  resolved "https://registry.npmjs.org/react-is/-/react-is-17.0.2.tgz"

resize-observer-polyfill@^1.5.1:
  version "1.5.1"
  resolved "https://registry.npmjs.org/resize-observer-polyfill/-/resize-observer-polyfill-1.5.1.tgz"

resolve@^1.20.0:
  version "1.20.0"
  resolved "https://registry.npmjs.org/resolve/-/resolve-1.20.0.tgz"
  dependencies:
    is-core-module "^2.2.0"
    path-parse "^1.0.6"

rollup@^2.38.5:
  version "2.53.3"
  resolved "https://registry.npmjs.org/rollup/-/rollup-2.53.3.tgz"
  optionalDependencies:
    fsevents "~2.3.2"

"safer-buffer@>= 2.1.2 < 3":
  version "2.1.2"
  resolved "https://registry.npmjs.org/safer-buffer/-/safer-buffer-2.1.2.tgz"

sax@^1.2.4:
  version "1.2.4"
  resolved "https://registry.npmjs.org/sax/-/sax-1.2.4.tgz"

seemly@^0.3.1:
  version "0.3.1"
  resolved "https://registry.npmjs.org/seemly/-/seemly-0.3.1.tgz"
  dependencies:
    "@types/jest" "^26.0.20"

semver@^5.6.0:
  version "5.7.1"
  resolved "https://registry.npmjs.org/semver/-/semver-5.7.1.tgz"

source-map-js@^0.6.2:
  version "0.6.2"
  resolved "https://registry.npmjs.org/source-map-js/-/source-map-js-0.6.2.tgz"

source-map@^0.6.1, source-map@~0.6.0:
  version "0.6.1"
  resolved "https://registry.npmjs.org/source-map/-/source-map-0.6.1.tgz"

sourcemap-codec@^1.4.4:
  version "1.4.8"
  resolved "https://registry.npmjs.org/sourcemap-codec/-/sourcemap-codec-1.4.8.tgz"

string-hash@^1.1.1:
  version "1.1.3"
  resolved "https://registry.npmjs.org/string-hash/-/string-hash-1.1.3.tgz"

supports-color@^7.1.0:
  version "7.2.0"
  resolved "https://registry.npmjs.org/supports-color/-/supports-color-7.2.0.tgz"
  dependencies:
    has-flag "^4.0.0"

to-fast-properties@^2.0.0:
  version "2.0.0"
  resolved "https://registry.npmjs.org/to-fast-properties/-/to-fast-properties-2.0.0.tgz"

treemate@^0.2.12:
  version "0.2.12"
  resolved "https://registry.npmjs.org/treemate/-/treemate-0.2.12.tgz"

tslib@^1.10.0:
  version "1.14.1"
  resolved "https://registry.npmjs.org/tslib/-/tslib-1.14.1.tgz"

util-deprecate@^1.0.2:
  version "1.0.2"
  resolved "https://registry.npmjs.org/util-deprecate/-/util-deprecate-1.0.2.tgz"

vdirs@^0.1.4:
  version "0.1.4"
  resolved "https://registry.npmjs.org/vdirs/-/vdirs-0.1.4.tgz"
  dependencies:
    "@types/node" "^14.14.10"
    evtd "^0.2.2"

vfonts@^0.1.0:
  version "0.1.0"
  resolved "https://registry.npmjs.org/vfonts/-/vfonts-0.1.0.tgz"

vicons@^0.0.1:
  version "0.0.1"
  resolved "https://registry.npmjs.org/vicons/-/vicons-0.0.1.tgz"
  dependencies:
    vue "^3.0.2"

vite@^2.4.3:
  version "2.4.3"
  resolved "https://registry.npmjs.org/vite/-/vite-2.4.3.tgz"
  dependencies:
    esbuild "^0.12.8"
    postcss "^8.3.5"
    resolve "^1.20.0"
    rollup "^2.38.5"
  optionalDependencies:
    fsevents "~2.3.2"

vooks@^0.2.4, vooks@^0.2.6:
  version "0.2.8"
  resolved "https://registry.npmjs.org/vooks/-/vooks-0.2.8.tgz"
  dependencies:
    evtd "^0.2.2"

vue@^3.0.2, vue@^3.0.5:
  version "3.1.5"
  resolved "https://registry.npmjs.org/vue/-/vue-3.1.5.tgz"
  dependencies:
    "@vue/compiler-dom" "3.1.5"
    "@vue/runtime-dom" "3.1.5"
    "@vue/shared" "3.1.5"

vueuc@^0.4.9:
  version "0.4.9"
  resolved "https://registry.npmjs.org/vueuc/-/vueuc-0.4.9.tgz"
  dependencies:
    css-render "^0.15.3"
    evtd "^0.2.2"
    resize-observer-polyfill "^1.5.1"
    seemly "^0.3.1"
    vdirs "^0.1.4"
    vooks "^0.2.4"

yallist@^3.0.2:
  version "3.1.1"
  resolved "https://registry.npmjs.org/yallist/-/yallist-3.1.1.tgz"
